// !$*UTF8*$!
{
	archiveVersion = 1;
	classes = {
	};
	objectVersion = 46;
	objects = {

/* Begin PBXBuildFile section */
		02F35D4B1D00269C00B3388F /* main.swift in Sources */ = {isa = PBXBuildFile; fileRef = 02F35D4A1D00269C00B3388F /* main.swift */; };
		02F35D521D00275300B3388F /* Math.swift in Sources */ = {isa = PBXBuildFile; fileRef = 02F35D511D00275300B3388F /* Math.swift */; };
		02F35D541D00280800B3388F /* IOHelper.swift in Sources */ = {isa = PBXBuildFile; fileRef = 02F35D531D00280800B3388F /* IOHelper.swift */; };
/* End PBXBuildFile section */

/* Begin PBXCopyFilesBuildPhase section */
		02F35D451D00269C00B3388F /* CopyFiles */ = {
			isa = PBXCopyFilesBuildPhase;
			buildActionMask = 2147483647;
			dstPath = /usr/share/man/man1/;
			dstSubfolderSpec = 0;
			files = (
			);
			runOnlyForDeploymentPostprocessing = 1;
		};
/* End PBXCopyFilesBuildPhase section */

/* Begin PBXFileReference section */
		02F35D471D00269C00B3388F /* Swift3Rechner */ = {isa = PBXFileReference; explicitFileType = "compiled.mach-o.executable"; includeInIndex = 0; path = Swift3Rechner; sourceTree = BUILT_PRODUCTS_DIR; };
		02F35D4A1D00269C00B3388F /* main.swift */ = {isa = PBXFileReference; lastKnownFileType = sourcecode.swift; path = main.swift; sourceTree = "<group>"; };
		02F35D511D00275300B3388F /* Math.swift */ = {isa = PBXFileReference; fileEncoding = 4; lastKnownFileType = sourcecode.swift; path = Math.swift; sourceTree = "<group>"; };
		02F35D531D00280800B3388F /* IOHelper.swift */ = {isa = PBXFileReference; fileEncoding = 4; lastKnownFileType = sourcecode.swift; path = IOHelper.swift; sourceTree = "<group>"; };
/* End PBXFileReference section */

/* Begin PBXFrameworksBuildPhase section */
		02F35D441D00269C00B3388F /* Frameworks */ = {
			isa = PBXFrameworksBuildPhase;
			buildActionMask = 2147483647;
			files = (
			);
			runOnlyForDeploymentPostprocessing = 0;
		};
/* End PBXFrameworksBuildPhase section */

/* Begin PBXGroup section */
		02F35D3E1D00269C00B3388F = {
			isa = PBXGroup;
			children = (
				02F35D491D00269C00B3388F /* Swift3Rechner */,
				02F35D481D00269C00B3388F /* Products */,
			);
			sourceTree = "<group>";
		};
		02F35D481D00269C00B3388F /* Products */ = {
			isa = PBXGroup;
			children = (
				02F35D471D00269C00B3388F /* Swift3Rechner */,
			);
			name = Products;
			sourceTree = "<group>";
		};
		02F35D491D00269C00B3388F /* Swift3Rechner */ = {
			isa = PBXGroup;
			children = (
				02F35D4A1D00269C00B3388F /* main.swift */,
				02F35D511D00275300B3388F /* Math.swift */,
				02F35D531D00280800B3388F /* IOHelper.swift */,
			);
			path = Swift3Rechner;
			sourceTree = "<group>";
		};
/* End PBXGroup section */

/* Begin PBXNativeTarget section */
		02F35D461D00269C00B3388F /* Swift3Rechner */ = {
			isa = PBXNativeTarget;
			buildConfigurationList = 02F35D4E1D00269C00B3388F /* Build configuration list for PBXNativeTarget "Swift3Rechner" */;
			buildPhases = (
				02F35D431D00269C00B3388F /* Sources */,
				02F35D441D00269C00B3388F /* Frameworks */,
				02F35D451D00269C00B3388F /* CopyFiles */,
			);
			buildRules = (
			);
			dependencies = (
			);
			name = Swift3Rechner;
			productName = Swift3Rechner;
			productReference = 02F35D471D00269C00B3388F /* Swift3Rechner */;
			productType = "com.apple.product-type.tool";
		};
/* End PBXNativeTarget section */

/* Begin PBXProject section */
		02F35D3F1D00269C00B3388F /* Project object */ = {
			isa = PBXProject;
			attributes = {
				LastSwiftUpdateCheck = 0730;
				LastUpgradeCheck = 0730;
				ORGANIZATIONNAME = "Jan Brinkmann";
				TargetAttributes = {
					02F35D461D00269C00B3388F = {
						CreatedOnToolsVersion = 7.3.1;
					};
				};
			};
			buildConfigurationList = 02F35D421D00269C00B3388F /* Build configuration list for PBXProject "Swift3Rechner" */;
			compatibilityVersion = "Xcode 3.2";
			developmentRegion = English;
			hasScannedForEncodings = 0;
			knownRegions = (
				en,
			);
			mainGroup = 02F35D3E1D00269C00B3388F;
			productRefGroup = 02F35D481D00269C00B3388F /* Products */;
			projectDirPath = "";
			projectRoot = "";
			targets = (
				02F35D461D00269C00B3388F /* Swift3Rechner */,
			);
		};
/* End PBXProject section */

/* Begin PBXSourcesBuildPhase section */
		02F35D431D00269C00B3388F /* Sources */ = {
			isa = PBXSourcesBuildPhase;
			buildActionMask = 2147483647;
			files = (
				02F35D4B1D00269C00B3388F /* main.swift in Sources */,
				02F35D541D00280800B3388F /* IOHelper.swift in Sources */,
				02F35D521D00275300B3388F /* Math.swift in Sources */,
			);
			runOnlyForDeploymentPostprocessing = 0;
		};
/* End PBXSourcesBuildPhase section */

/* Begin XCBuildConfiguration section */
		02F35D4C1D00269C00B3388F /* Debug */ = {
			isa = XCBuildConfiguration;
			buildSettings = {
				ALWAYS_SEARCH_USER_PATHS = NO;
				CLANG_ANALYZER_NONNULL = YES;
				CLANG_CXX_LANGUAGE_STANDARD = "gnu++0x";
				CLANG_CXX_LIBRARY = "libc++";
				CLANG_ENABLE_MODULES = YES;
				CLANG_ENABLE_OBJC_ARC = YES;
				CLANG_WARN_BOOL_CONVERSION = YES;
				CLANG_WARN_CONSTANT_CONVERSION = YES;
				CLANG_WARN_DIRECT_OBJC_ISA_USAGE = YES_ERROR;
				CLANG_WARN_EMPTY_BODY = YES;
				CLANG_WARN_ENUM_CONVERSION = YES;
				CLANG_WARN_INT_CONVERSION = YES;
				CLANG_WARN_OBJC_ROOT_CLASS = YES_ERROR;
				CLANG_WARN_UNREACHABLE_CODE = YES;
				CLANG_WARN__DUPLICATE_METHOD_MATCH = YES;
				CODE_SIGN_IDENTITY = "-";
				COPY_PHASE_STRIP = NO;
				DEBUG_INFORMATION_FORMAT = dwarf;
				ENABLE_STRICT_OBJC_MSGSEND = YES;
				ENABLE_TESTABILITY = YES;
				GCC_C_LANGUAGE_STANDARD = gnu99;
				GCC_DYNAMIC_NO_PIC = NO;
				GCC_NO_COMMON_BLOCKS = YES;
				GCC_OPTIMIZATION_LEVEL = 0;
				GCC_PREPROCESSOR_DEFINITIONS = (
					"DEBUG=1",
					"$(inherited)",
				);
				GCC_WARN_64_TO_32_BIT_CONVERSION = YES;
				GCC_WARN_ABOUT_RETURN_TYPE = YES_ERROR;
				GCC_WARN_UNDECLARED_SELECTOR = YES;
				GCC_WARN_UNINITIALIZED_AUTOS = YES_AGGRESSIVE;
				GCC_WARN_UNUSED_FUNCTION = YES;
				GCC_WARN_UNUSED_VARIABLE = YES;
				MACOSX_DEPLOYMENT_TARGET = 10.11;
				MTL_ENABLE_DEBUG_INFO = YES;
				ONLY_ACTIVE_ARCH = YES;
				SDKROOT = macosx;
				SWIFT_OPTIMIZATION_LEVEL = "-Onone";
			};
			name = Debug;
		};
		02F35D4D1D00269C00B3388F /* Release */ = {
			isa = XCBuildConfiguration;
			buildSettings = {
				ALWAYS_SEARCH_USER_PATHS = NO;
				CLANG_ANALYZER_NONNULL = YES;
				CLANG_CXX_LANGUAGE_STANDARD = "gnu++0x";
				CLANG_CXX_LIBRARY = "libc++";
				CLANG_ENABLE_MODULES = YES;
				CLANG_ENABLE_OBJC_ARC = YES;
				CLANG_WARN_BOOL_CONVERSION = YES;
				CLANG_WARN_CONSTANT_CONVERSION = YES;
				CLANG_WARN_DIRECT_OBJC_ISA_USAGE = YES_ERROR;
				CLANG_WARN_EMPTY_BODY = YES;
				CLANG_WARN_ENUM_CONVERSION = YES;
				CLANG_WARN_INT_CONVERSION = YES;
				CLANG_WARN_OBJC_ROOT_CLASS = YES_ERROR;
				CLANG_WARN_UNREACHABLE_CODE = YES;
				CLANG_WARN__DUPLICATE_METHOD_MATCH = YES;
				CODE_SIGN_IDENTITY = "-";
				COPY_PHASE_STRIP = NO;
				DEBUG_INFORMATION_FORMAT = "dwarf-with-dsym";
				ENABLE_NS_ASSERTIONS = NO;
				ENABLE_STRICT_OBJC_MSGSEND = YES;
				GCC_C_LANGUAGE_STANDARD = gnu99;
				GCC_NO_COMMON_BLOCKS = YES;
				GCC_WARN_64_TO_32_BIT_CONVERSION = YES;
				GCC_WARN_ABOUT_RETURN_TYPE = YES_ERROR;
				GCC_WARN_UNDECLARED_SELECTOR = YES;
				GCC_WARN_UNINITIALIZED_AUTOS = YES_AGGRESSIVE;
				GCC_WARN_UNUSED_FUNCTION = YES;
				GCC_WARN_UNUSED_VARIABLE = YES;
				MACOSX_DEPLOYMENT_TARGET = 10.11;
				MTL_ENABLE_DEBUG_INFO = NO;
				SDKROOT = macosx;
			};
			name = Release;
		};
		02F35D4F1D00269C00B3388F /* Debug */ = {
			isa = XCBuildConfiguration;
			buildSettings = {
				PRODUCT_NAME = "$(TARGET_NAME)";
			};
			name = Debug;
		};
		02F35D501D00269C00B3388F /* Release */ = {
			isa = XCBuildConfiguration;
			buildSettings = {
				PRODUCT_NAME = "$(TARGET_NAME)";
			};
			name = Release;
		};
/* End XCBuildConfiguration section */

/* Begin XCConfigurationList section */
		02F35D421D00269C00B3388F /* Build configuration list for PBXProject "Swift3Rechner" */ = {
			isa = XCConfigurationList;
			buildConfigurations = (
				02F35D4C1D00269C00B3388F /* Debug */,
				02F35D4D1D00269C00B3388F /* Release */,
			);
			defaultConfigurationIsVisible = 0;
			defaultConfigurationName = Release;
		};
		02F35D4E1D00269C00B3388F /* Build configuration list for PBXNativeTarget "Swift3Rechner" */ = {
			isa = XCConfigurationList;
			buildConfigurations = (
				02F35D4F1D00269C00B3388F /* Debug */,
				02F35D501D00269C00B3388F /* Release */,
			);
			defaultConfigurationIsVisible = 0;
		};
/* End XCConfigurationList section */
	};
	rootObject = 02F35D3F1D00269C00B3388F /* Project object */;
}
